
Microsoft Visual Studio Solution File, Format Version 12.00
# Visual Studio 14
VisualStudioVersion = 14.0.23107.0
MinimumVisualStudioVersion = 10.0.40219.1
Project("{FAE04EC0-301F-11D3-BF4B-00C04F79EFBC}") = "FoodPlanApp", "FoodPlanApp\FoodPlanApp.csproj", "{F4FDC4D2-74F0-4BE8-96C5-42C80D6BEFB5}"
EndProject
Project("{FAE04EC0-301F-11D3-BF4B-00C04F79EFBC}") = "Repository", "Repository\Repository.csproj", "{27F0EC2D-2759-40ED-9A30-EC3FD2FDD121}"
EndProject
Project("{FAE04EC0-301F-11D3-BF4B-00C04F79EFBC}") = "ViewModels", "ViewModels\ViewModels.csproj", "{0CA9A49D-05DE-45FA-A679-D26CC62E8293}"
EndProject
Project("{FAE04EC0-301F-11D3-BF4B-00C04F79EFBC}") = "Entities", "Entities\Entities.csproj", "{D309C98B-87DF-4F30-B36F-1ADE4D57C072}"
EndProject
Project("{FAE04EC0-301F-11D3-BF4B-00C04F79EFBC}") = "BusinessLogic", "BusinessLogic\BusinessLogic.csproj", "{24D28334-4299-418A-B337-F61A9C21AED0}"
	ProjectSection(ProjectDependencies) = postProject
		{27F0EC2D-2759-40ED-9A30-EC3FD2FDD121} = {27F0EC2D-2759-40ED-9A30-EC3FD2FDD121}
		{D309C98B-87DF-4F30-B36F-1ADE4D57C072} = {D309C98B-87DF-4F30-B36F-1ADE4D57C072}
		{0CA9A49D-05DE-45FA-A679-D26CC62E8293} = {0CA9A49D-05DE-45FA-A679-D26CC62E8293}
	EndProjectSection
EndProject
Project("{FAE04EC0-301F-11D3-BF4B-00C04F79EFBC}") = "DataAccessLayer", "DataAccessLayer\DataAccessLayer.csproj", "{C373249F-F807-4CD0-9AA4-000A9FA16522}"
EndProject
Global
	GlobalSection(SolutionConfigurationPlatforms) = preSolution
		Debug|Any CPU = Debug|Any CPU
		Release|Any CPU = Release|Any CPU
	EndGlobalSection
	GlobalSection(ProjectConfigurationPlatforms) = postSolution
		{F4FDC4D2-74F0-4BE8-96C5-42C80D6BEFB5}.Debug|Any CPU.ActiveCfg = Debug|Any CPU
		{F4FDC4D2-74F0-4BE8-96C5-42C80D6BEFB5}.Debug|Any CPU.Build.0 = Debug|Any CPU
		{F4FDC4D2-74F0-4BE8-96C5-42C80D6BEFB5}.Release|Any CPU.ActiveCfg = Release|Any CPU
		{F4FDC4D2-74F0-4BE8-96C5-42C80D6BEFB5}.Release|Any CPU.Build.0 = Release|Any CPU
		{27F0EC2D-2759-40ED-9A30-EC3FD2FDD121}.Debug|Any CPU.ActiveCfg = Debug|Any CPU
		{27F0EC2D-2759-40ED-9A30-EC3FD2FDD121}.Debug|Any CPU.Build.0 = Debug|Any CPU
		{27F0EC2D-2759-40ED-9A30-EC3FD2FDD121}.Release|Any CPU.ActiveCfg = Release|Any CPU
		{27F0EC2D-2759-40ED-9A30-EC3FD2FDD121}.Release|Any CPU.Build.0 = Release|Any CPU
		{0CA9A49D-05DE-45FA-A679-D26CC62E8293}.Debug|Any CPU.ActiveCfg = Debug|Any CPU
		{0CA9A49D-05DE-45FA-A679-D26CC62E8293}.Debug|Any CPU.Build.0 = Debug|Any CPU
		{0CA9A49D-05DE-45FA-A679-D26CC62E8293}.Release|Any CPU.ActiveCfg = Release|Any CPU
		{0CA9A49D-05DE-45FA-A679-D26CC62E8293}.Release|Any CPU.Build.0 = Release|Any CPU
		{D309C98B-87DF-4F30-B36F-1ADE4D57C072}.Debug|Any CPU.ActiveCfg = Debug|Any CPU
		{D309C98B-87DF-4F30-B36F-1ADE4D57C072}.Debug|Any CPU.Build.0 = Debug|Any CPU
		{D309C98B-87DF-4F30-B36F-1ADE4D57C072}.Release|Any CPU.ActiveCfg = Release|Any CPU
		{D309C98B-87DF-4F30-B36F-1ADE4D57C072}.Release|Any CPU.Build.0 = Release|Any CPU
		{24D28334-4299-418A-B337-F61A9C21AED0}.Debug|Any CPU.ActiveCfg = Debug|Any CPU
		{24D28334-4299-418A-B337-F61A9C21AED0}.Debug|Any CPU.Build.0 = Debug|Any CPU
		{24D28334-4299-418A-B337-F61A9C21AED0}.Release|Any CPU.ActiveCfg = Release|Any CPU
		{24D28334-4299-418A-B337-F61A9C21AED0}.Release|Any CPU.Build.0 = Release|Any CPU
		{C373249F-F807-4CD0-9AA4-000A9FA16522}.Debug|Any CPU.ActiveCfg = Debug|Any CPU
		{C373249F-F807-4CD0-9AA4-000A9FA16522}.Debug|Any CPU.Build.0 = Debug|Any CPU
		{C373249F-F807-4CD0-9AA4-000A9FA16522}.Release|Any CPU.ActiveCfg = Release|Any CPU
		{C373249F-F807-4CD0-9AA4-000A9FA16522}.Release|Any CPU.Build.0 = Release|Any CPU
	EndGlobalSection
	GlobalSection(SolutionProperties) = preSolution
		HideSolutionNode = FALSE
	EndGlobalSection
EndGlobal
